{
    "_readme": [
        "This file locks the dependencies of your project to a known state",
        "Read more about it at https://getcomposer.org/doc/01-basic-usage.md#composer-lock-the-lock-file",
        "This file is @generated automatically"
    ],
    "content-hash": "59c349d2d5ac2f055b2e97cbf7bf3157",
    "packages": [],
    "packages-dev": [],
    "aliases": [],
    "minimum-stability": "stable",
    "stability-flags": [],
    "prefer-stable": false,
    "prefer-lowest": false,
    "platform": {
        "php": "5.6.*",
        "ext-gd": "*",
        "ext-mbstring": "*",
        "ext-apc": "*",
        "ext-sqlite3": "*",
        "ext-apcu": "*"
    },
    "platform-dev": []
}
